
Microsoft Visual Studio Solution File, Format Version 12.00
# Visual Studio Version 17
VisualStudioVersion = 17.9.34723.18
MinimumVisualStudioVersion = 10.0.40219.1
Project("{8BC9CEB8-8B4A-11D0-8D11-00A0C91BC942}") = "StaticLib", "StaticLib\StaticLib.vcxproj", "{B7EE42F8-6DE2-4F61-8C4D-B295CA8CE7A2}"
EndProject
Project("{8BC9CEB8-8B4A-11D0-8D11-00A0C91BC942}") = "ex00", "ex00\ex00.vcxproj", "{E16F1AC0-4A14-47AF-B61F-00D824D29A28}"
EndProject
Project("{8BC9CEB8-8B4A-11D0-8D11-00A0C91BC942}") = "ex01", "ex01\ex01.vcxproj", "{EB425C6A-4E0E-4938-A81C-97EABEAF6423}"
EndProject
Project("{8BC9CEB8-8B4A-11D0-8D11-00A0C91BC942}") = "ex02", "ex02\ex02.vcxproj", "{9B193C20-A333-45A9-B82F-C1A0270236A5}"
EndProject
Project("{8BC9CEB8-8B4A-11D0-8D11-00A0C91BC942}") = "ex03", "ex03\ex03.vcxproj", "{DF65BE89-6F09-427B-A2CF-DB4CBE174ADB}"
EndProject
Project("{8BC9CEB8-8B4A-11D0-8D11-00A0C91BC942}") = "ex04", "ex04\ex04.vcxproj", "{E58AF95B-A6D0-436E-85A7-4254D6618DB5}"
EndProject
Project("{8BC9CEB8-8B4A-11D0-8D11-00A0C91BC942}") = "ex05", "ex05\ex05.vcxproj", "{E612F24E-4A53-4085-898A-F9D9AD480BF0}"
EndProject
Global
	GlobalSection(SolutionConfigurationPlatforms) = preSolution
		Debug|x64 = Debug|x64
		Debug|x86 = Debug|x86
		Release|x64 = Release|x64
		Release|x86 = Release|x86
	EndGlobalSection
	GlobalSection(ProjectConfigurationPlatforms) = postSolution
		{B7EE42F8-6DE2-4F61-8C4D-B295CA8CE7A2}.Debug|x64.ActiveCfg = Debug|x64
		{B7EE42F8-6DE2-4F61-8C4D-B295CA8CE7A2}.Debug|x64.Build.0 = Debug|x64
		{B7EE42F8-6DE2-4F61-8C4D-B295CA8CE7A2}.Debug|x86.ActiveCfg = Debug|Win32
		{B7EE42F8-6DE2-4F61-8C4D-B295CA8CE7A2}.Debug|x86.Build.0 = Debug|Win32
		{B7EE42F8-6DE2-4F61-8C4D-B295CA8CE7A2}.Release|x64.ActiveCfg = Release|x64
		{B7EE42F8-6DE2-4F61-8C4D-B295CA8CE7A2}.Release|x64.Build.0 = Release|x64
		{B7EE42F8-6DE2-4F61-8C4D-B295CA8CE7A2}.Release|x86.ActiveCfg = Release|Win32
		{B7EE42F8-6DE2-4F61-8C4D-B295CA8CE7A2}.Release|x86.Build.0 = Release|Win32
		{E16F1AC0-4A14-47AF-B61F-00D824D29A28}.Debug|x64.ActiveCfg = Debug|x64
		{E16F1AC0-4A14-47AF-B61F-00D824D29A28}.Debug|x64.Build.0 = Debug|x64
		{E16F1AC0-4A14-47AF-B61F-00D824D29A28}.Debug|x86.ActiveCfg = Debug|Win32
		{E16F1AC0-4A14-47AF-B61F-00D824D29A28}.Debug|x86.Build.0 = Debug|Win32
		{E16F1AC0-4A14-47AF-B61F-00D824D29A28}.Release|x64.ActiveCfg = Release|x64
		{E16F1AC0-4A14-47AF-B61F-00D824D29A28}.Release|x64.Build.0 = Release|x64
		{E16F1AC0-4A14-47AF-B61F-00D824D29A28}.Release|x86.ActiveCfg = Release|Win32
		{E16F1AC0-4A14-47AF-B61F-00D824D29A28}.Release|x86.Build.0 = Release|Win32
		{EB425C6A-4E0E-4938-A81C-97EABEAF6423}.Debug|x64.ActiveCfg = Debug|x64
		{EB425C6A-4E0E-4938-A81C-97EABEAF6423}.Debug|x64.Build.0 = Debug|x64
		{EB425C6A-4E0E-4938-A81C-97EABEAF6423}.Debug|x86.ActiveCfg = Debug|Win32
		{EB425C6A-4E0E-4938-A81C-97EABEAF6423}.Debug|x86.Build.0 = Debug|Win32
		{EB425C6A-4E0E-4938-A81C-97EABEAF6423}.Release|x64.ActiveCfg = Release|x64
		{EB425C6A-4E0E-4938-A81C-97EABEAF6423}.Release|x64.Build.0 = Release|x64
		{EB425C6A-4E0E-4938-A81C-97EABEAF6423}.Release|x86.ActiveCfg = Release|Win32
		{EB425C6A-4E0E-4938-A81C-97EABEAF6423}.Release|x86.Build.0 = Release|Win32
		{9B193C20-A333-45A9-B82F-C1A0270236A5}.Debug|x64.ActiveCfg = Debug|x64
		{9B193C20-A333-45A9-B82F-C1A0270236A5}.Debug|x64.Build.0 = Debug|x64
		{9B193C20-A333-45A9-B82F-C1A0270236A5}.Debug|x86.ActiveCfg = Debug|Win32
		{9B193C20-A333-45A9-B82F-C1A0270236A5}.Debug|x86.Build.0 = Debug|Win32
		{9B193C20-A333-45A9-B82F-C1A0270236A5}.Release|x64.ActiveCfg = Release|x64
		{9B193C20-A333-45A9-B82F-C1A0270236A5}.Release|x64.Build.0 = Release|x64
		{9B193C20-A333-45A9-B82F-C1A0270236A5}.Release|x86.ActiveCfg = Release|Win32
		{9B193C20-A333-45A9-B82F-C1A0270236A5}.Release|x86.Build.0 = Release|Win32
		{DF65BE89-6F09-427B-A2CF-DB4CBE174ADB}.Debug|x64.ActiveCfg = Debug|x64
		{DF65BE89-6F09-427B-A2CF-DB4CBE174ADB}.Debug|x64.Build.0 = Debug|x64
		{DF65BE89-6F09-427B-A2CF-DB4CBE174ADB}.Debug|x86.ActiveCfg = Debug|Win32
		{DF65BE89-6F09-427B-A2CF-DB4CBE174ADB}.Debug|x86.Build.0 = Debug|Win32
		{DF65BE89-6F09-427B-A2CF-DB4CBE174ADB}.Release|x64.ActiveCfg = Release|x64
		{DF65BE89-6F09-427B-A2CF-DB4CBE174ADB}.Release|x64.Build.0 = Release|x64
		{DF65BE89-6F09-427B-A2CF-DB4CBE174ADB}.Release|x86.ActiveCfg = Release|Win32
		{DF65BE89-6F09-427B-A2CF-DB4CBE174ADB}.Release|x86.Build.0 = Release|Win32
		{E58AF95B-A6D0-436E-85A7-4254D6618DB5}.Debug|x64.ActiveCfg = Debug|x64
		{E58AF95B-A6D0-436E-85A7-4254D6618DB5}.Debug|x64.Build.0 = Debug|x64
		{E58AF95B-A6D0-436E-85A7-4254D6618DB5}.Debug|x86.ActiveCfg = Debug|Win32
		{E58AF95B-A6D0-436E-85A7-4254D6618DB5}.Debug|x86.Build.0 = Debug|Win32
		{E58AF95B-A6D0-436E-85A7-4254D6618DB5}.Release|x64.ActiveCfg = Release|x64
		{E58AF95B-A6D0-436E-85A7-4254D6618DB5}.Release|x64.Build.0 = Release|x64
		{E58AF95B-A6D0-436E-85A7-4254D6618DB5}.Release|x86.ActiveCfg = Release|Win32
		{E58AF95B-A6D0-436E-85A7-4254D6618DB5}.Release|x86.Build.0 = Release|Win32
		{E612F24E-4A53-4085-898A-F9D9AD480BF0}.Debug|x64.ActiveCfg = Debug|x64
		{E612F24E-4A53-4085-898A-F9D9AD480BF0}.Debug|x64.Build.0 = Debug|x64
		{E612F24E-4A53-4085-898A-F9D9AD480BF0}.Debug|x86.ActiveCfg = Debug|Win32
		{E612F24E-4A53-4085-898A-F9D9AD480BF0}.Debug|x86.Build.0 = Debug|Win32
		{E612F24E-4A53-4085-898A-F9D9AD480BF0}.Release|x64.ActiveCfg = Release|x64
		{E612F24E-4A53-4085-898A-F9D9AD480BF0}.Release|x64.Build.0 = Release|x64
		{E612F24E-4A53-4085-898A-F9D9AD480BF0}.Release|x86.ActiveCfg = Release|Win32
		{E612F24E-4A53-4085-898A-F9D9AD480BF0}.Release|x86.Build.0 = Release|Win32
	EndGlobalSection
	GlobalSection(SolutionProperties) = preSolution
		HideSolutionNode = FALSE
	EndGlobalSection
	GlobalSection(ExtensibilityGlobals) = postSolution
		SolutionGuid = {C52AC455-BAA2-41F0-B8E1-5647B6E50B34}
	EndGlobalSection
EndGlobal
